
Microsoft Visual Studio Solution File, Format Version 12.00
Project("{F2A71F9B-5D33-465A-A702-920D77279786}") = "FSharpTask", "FSharpTask.fsproj", "{87E1F212-2641-4CF5-9535-978559A9A067}"
EndProject
Global
	GlobalSection(SolutionConfigurationPlatforms) = preSolution
		Debug|Any CPU = Debug|Any CPU
		Release|Any CPU = Release|Any CPU
	EndGlobalSection
	GlobalSection(ProjectConfigurationPlatforms) = postSolution
		{87E1F212-2641-4CF5-9535-978559A9A067}.Debug|Any CPU.ActiveCfg = Debug|Any CPU
		{87E1F212-2641-4CF5-9535-978559A9A067}.Debug|Any CPU.Build.0 = Debug|Any CPU
		{87E1F212-2641-4CF5-9535-978559A9A067}.Release|Any CPU.ActiveCfg = Release|Any CPU
		{87E1F212-2641-4CF5-9535-978559A9A067}.Release|Any CPU.Build.0 = Release|Any CPU
	EndGlobalSection
EndGlobal
